
Microsoft Visual Studio Solution File, Format Version 12.00
Project("{FAE04EC0-301F-11D3-BF4B-00C04F79EFBC}") = "Model_OuterrimSpaceship", "Model_OuterrimSpaceship\Model_OuterrimSpaceship.csproj", "{90F03172-9484-4E92-A6D2-158039C78FD6}"
EndProject
Project("{FAE04EC0-301F-11D3-BF4B-00C04F79EFBC}") = "Web_OuterrimSpaceship", "Web_OuterrimSpaceship\Web_OuterrimSpaceship.csproj", "{A618F78E-2A85-4698-A5DC-034CC4649659}"
EndProject
Global
	GlobalSection(SolutionConfigurationPlatforms) = preSolution
		Debug|Any CPU = Debug|Any CPU
		Release|Any CPU = Release|Any CPU
	EndGlobalSection
	GlobalSection(ProjectConfigurationPlatforms) = postSolution
		{90F03172-9484-4E92-A6D2-158039C78FD6}.Debug|Any CPU.ActiveCfg = Debug|Any CPU
		{90F03172-9484-4E92-A6D2-158039C78FD6}.Debug|Any CPU.Build.0 = Debug|Any CPU
		{90F03172-9484-4E92-A6D2-158039C78FD6}.Release|Any CPU.ActiveCfg = Release|Any CPU
		{90F03172-9484-4E92-A6D2-158039C78FD6}.Release|Any CPU.Build.0 = Release|Any CPU
		{A618F78E-2A85-4698-A5DC-034CC4649659}.Debug|Any CPU.ActiveCfg = Debug|Any CPU
		{A618F78E-2A85-4698-A5DC-034CC4649659}.Debug|Any CPU.Build.0 = Debug|Any CPU
		{A618F78E-2A85-4698-A5DC-034CC4649659}.Release|Any CPU.ActiveCfg = Release|Any CPU
		{A618F78E-2A85-4698-A5DC-034CC4649659}.Release|Any CPU.Build.0 = Release|Any CPU
	EndGlobalSection
EndGlobal
